
Microsoft Visual Studio Solution File, Format Version 12.00
# Visual Studio Version 17
VisualStudioVersion = 17.8.34330.188
MinimumVisualStudioVersion = 10.0.40219.1
Project("{9A19103F-16F7-4668-BE54-9A1E7A4F7556}") = "CleanCodeLab", "CleanCodeLab.csproj", "{43F18C34-26F1-4CD8-A6C8-D7D2C6024FBA}"
EndProject
Project("{FAE04EC0-301F-11D3-BF4B-00C04F79EFBC}") = "CleanCodeLabTests", "..\CleanCodeLabTests\CleanCodeLabTests.csproj", "{6CC041A7-C367-4B02-8ED0-E6B96F480500}"
EndProject
Global
	GlobalSection(SolutionConfigurationPlatforms) = preSolution
		Debug|Any CPU = Debug|Any CPU
		Release|Any CPU = Release|Any CPU
	EndGlobalSection
	GlobalSection(ProjectConfigurationPlatforms) = postSolution
		{43F18C34-26F1-4CD8-A6C8-D7D2C6024FBA}.Debug|Any CPU.ActiveCfg = Debug|Any CPU
		{43F18C34-26F1-4CD8-A6C8-D7D2C6024FBA}.Debug|Any CPU.Build.0 = Debug|Any CPU
		{43F18C34-26F1-4CD8-A6C8-D7D2C6024FBA}.Release|Any CPU.ActiveCfg = Release|Any CPU
		{43F18C34-26F1-4CD8-A6C8-D7D2C6024FBA}.Release|Any CPU.Build.0 = Release|Any CPU
		{6CC041A7-C367-4B02-8ED0-E6B96F480500}.Debug|Any CPU.ActiveCfg = Debug|Any CPU
		{6CC041A7-C367-4B02-8ED0-E6B96F480500}.Debug|Any CPU.Build.0 = Debug|Any CPU
		{6CC041A7-C367-4B02-8ED0-E6B96F480500}.Release|Any CPU.ActiveCfg = Release|Any CPU
		{6CC041A7-C367-4B02-8ED0-E6B96F480500}.Release|Any CPU.Build.0 = Release|Any CPU
	EndGlobalSection
	GlobalSection(SolutionProperties) = preSolution
		HideSolutionNode = FALSE
	EndGlobalSection
	GlobalSection(ExtensibilityGlobals) = postSolution
		SolutionGuid = {86A3CB8A-A79B-42FB-B1A4-6844F651464E}
	EndGlobalSection
EndGlobal
